
Microsoft Visual Studio Solution File, Format Version 12.00
# Visual Studio Version 17
VisualStudioVersion = 17.10.35013.160
MinimumVisualStudioVersion = 10.0.40219.1
Project("{9A19103F-16F7-4668-BE54-9A1E7A4F7556}") = "KnightMove3", "KnightMove3.csproj", "{C3ED23BE-0C18-4F2E-BF56-73F3C457E56B}"
EndProject
Global
	GlobalSection(SolutionConfigurationPlatforms) = preSolution
		Debug|Any CPU = Debug|Any CPU
		Release|Any CPU = Release|Any CPU
	EndGlobalSection
	GlobalSection(ProjectConfigurationPlatforms) = postSolution
		{C3ED23BE-0C18-4F2E-BF56-73F3C457E56B}.Debug|Any CPU.ActiveCfg = Debug|Any CPU
		{C3ED23BE-0C18-4F2E-BF56-73F3C457E56B}.Debug|Any CPU.Build.0 = Debug|Any CPU
		{C3ED23BE-0C18-4F2E-BF56-73F3C457E56B}.Release|Any CPU.ActiveCfg = Release|Any CPU
		{C3ED23BE-0C18-4F2E-BF56-73F3C457E56B}.Release|Any CPU.Build.0 = Release|Any CPU
	EndGlobalSection
	GlobalSection(SolutionProperties) = preSolution
		HideSolutionNode = FALSE
	EndGlobalSection
	GlobalSection(ExtensibilityGlobals) = postSolution
		SolutionGuid = {F48D77C4-8E9F-4C71-9C94-25FE55EF332B}
	EndGlobalSection
EndGlobal
